
Microsoft Visual Studio Solution File, Format Version 12.00
# Visual Studio Version 17
VisualStudioVersion = 17.0.32014.148
MinimumVisualStudioVersion = 10.0.40219.1
Project("{9A19103F-16F7-4668-BE54-9A1E7A4F7556}") = "kampintro", "kampintro\kampintro.csproj", "{1C04192C-5642-4674-8700-775A0ABD5748}"
EndProject
Project("{FAE04EC0-301F-11D3-BF4B-00C04F79EFBC}") = "Donguler", "Donguler\Donguler.csproj", "{E6F3DE11-E47E-4964-87D5-E2831604A7DC}"
EndProject
Project("{FAE04EC0-301F-11D3-BF4B-00C04F79EFBC}") = "ClassIntro", "ClassIntro\ClassIntro.csproj", "{814E42A4-AD4A-4370-885E-B20AB6BE66D1}"
EndProject
Project("{FAE04EC0-301F-11D3-BF4B-00C04F79EFBC}") = "Metotlar", "Metotlar\Metotlar.csproj", "{86391EDF-D756-4681-92B6-F1421F3403FF}"
EndProject
Project("{FAE04EC0-301F-11D3-BF4B-00C04F79EFBC}") = "Matematik", "Matematik\Matematik.csproj", "{64A2D1AC-53DC-4E6F-AB34-96125A459FB4}"
EndProject
Project("{FAE04EC0-301F-11D3-BF4B-00C04F79EFBC}") = "DegerveReferansTipler", "DegerveReferansTipler\DegerveReferansTipler.csproj", "{A52E44A0-468B-40C1-8806-B8E103DD6C14}"
EndProject
Global
	GlobalSection(SolutionConfigurationPlatforms) = preSolution
		Debug|Any CPU = Debug|Any CPU
		Release|Any CPU = Release|Any CPU
	EndGlobalSection
	GlobalSection(ProjectConfigurationPlatforms) = postSolution
		{1C04192C-5642-4674-8700-775A0ABD5748}.Debug|Any CPU.ActiveCfg = Debug|Any CPU
		{1C04192C-5642-4674-8700-775A0ABD5748}.Debug|Any CPU.Build.0 = Debug|Any CPU
		{1C04192C-5642-4674-8700-775A0ABD5748}.Release|Any CPU.ActiveCfg = Release|Any CPU
		{1C04192C-5642-4674-8700-775A0ABD5748}.Release|Any CPU.Build.0 = Release|Any CPU
		{E6F3DE11-E47E-4964-87D5-E2831604A7DC}.Debug|Any CPU.ActiveCfg = Debug|Any CPU
		{E6F3DE11-E47E-4964-87D5-E2831604A7DC}.Debug|Any CPU.Build.0 = Debug|Any CPU
		{E6F3DE11-E47E-4964-87D5-E2831604A7DC}.Release|Any CPU.ActiveCfg = Release|Any CPU
		{E6F3DE11-E47E-4964-87D5-E2831604A7DC}.Release|Any CPU.Build.0 = Release|Any CPU
		{814E42A4-AD4A-4370-885E-B20AB6BE66D1}.Debug|Any CPU.ActiveCfg = Debug|Any CPU
		{814E42A4-AD4A-4370-885E-B20AB6BE66D1}.Debug|Any CPU.Build.0 = Debug|Any CPU
		{814E42A4-AD4A-4370-885E-B20AB6BE66D1}.Release|Any CPU.ActiveCfg = Release|Any CPU
		{814E42A4-AD4A-4370-885E-B20AB6BE66D1}.Release|Any CPU.Build.0 = Release|Any CPU
		{86391EDF-D756-4681-92B6-F1421F3403FF}.Debug|Any CPU.ActiveCfg = Debug|Any CPU
		{86391EDF-D756-4681-92B6-F1421F3403FF}.Debug|Any CPU.Build.0 = Debug|Any CPU
		{86391EDF-D756-4681-92B6-F1421F3403FF}.Release|Any CPU.ActiveCfg = Release|Any CPU
		{86391EDF-D756-4681-92B6-F1421F3403FF}.Release|Any CPU.Build.0 = Release|Any CPU
		{64A2D1AC-53DC-4E6F-AB34-96125A459FB4}.Debug|Any CPU.ActiveCfg = Debug|Any CPU
		{64A2D1AC-53DC-4E6F-AB34-96125A459FB4}.Debug|Any CPU.Build.0 = Debug|Any CPU
		{64A2D1AC-53DC-4E6F-AB34-96125A459FB4}.Release|Any CPU.ActiveCfg = Release|Any CPU
		{64A2D1AC-53DC-4E6F-AB34-96125A459FB4}.Release|Any CPU.Build.0 = Release|Any CPU
		{A52E44A0-468B-40C1-8806-B8E103DD6C14}.Debug|Any CPU.ActiveCfg = Debug|Any CPU
		{A52E44A0-468B-40C1-8806-B8E103DD6C14}.Debug|Any CPU.Build.0 = Debug|Any CPU
		{A52E44A0-468B-40C1-8806-B8E103DD6C14}.Release|Any CPU.ActiveCfg = Release|Any CPU
		{A52E44A0-468B-40C1-8806-B8E103DD6C14}.Release|Any CPU.Build.0 = Release|Any CPU
	EndGlobalSection
	GlobalSection(SolutionProperties) = preSolution
		HideSolutionNode = FALSE
	EndGlobalSection
	GlobalSection(ExtensibilityGlobals) = postSolution
		SolutionGuid = {903B60FB-5281-42AC-9B96-A45CEA432CDE}
	EndGlobalSection
EndGlobal
